version: 2.0
shards:
  admiral:
    git: https://github.com/jwaldrip/admiral.cr.git
    version: 1.12.1

  clear:
    git: https://github.com/crystal-garage/clear.git
    version: 0.8.21+git.commit.e4d13a65a41842343e80bfad05ce612279d3ec85

  convex_hull:
    git: https://github.com/geocrystal/convex_hull.git
    version: 0.6.0

  crest:
    git: https://github.com/mamantoha/crest.git
    version: 1.5.1

  db:
    git: https://github.com/crystal-lang/crystal-db.git
    version: 0.13.1

  dotenv:
    git: https://github.com/gdotdesign/cr-dotenv.git
    version: 1.0.0

  generate:
    git: https://github.com/anykeyh/generate.cr.git
    version: 0.1.0+git.commit.f5dafc934a70e0ee2f246dddf3df44686f844da2

  geo:
    git: https://github.com/geocrystal/geo.git
    version: 0.7.6

  geo_bearing:
    git: https://github.com/geocrystal/geo_bearing.git
    version: 0.1.0

  geohash:
    git: https://github.com/geocrystal/geohash.git
    version: 0.1.1

  geojson:
    git: https://github.com/geocrystal/geojson.git
    version: 0.6.0

  geojson_area:
    git: https://github.com/geocrystal/geojson_area.git
    version: 0.2.1

  haversine:
    git: https://github.com/geocrystal/haversine.git
    version: 0.5.0

  http-client-digest_auth:
    git: https://github.com/mamantoha/http-client-digest_auth.git
    version: 0.6.0

  http_proxy:
    git: https://github.com/mamantoha/http_proxy.git
    version: 0.13.0

  humanize_time:
    git: https://github.com/mamantoha/humanize_time.git
    version: 0.12.5

  i18n:
    git: https://github.com/crystal-i18n/i18n.git
    version: 0.2.2

  inflector:
    git: https://github.com/phoffer/inflector.cr.git
    version: 1.0.0

  jaro_winkler:
    git: https://github.com/kostya/jaro_winkler.git
    version: 0.2

  pg:
    git: https://github.com/will/crystal-pg.git
    version: 0.29.0

  ring_area:
    git: https://github.com/geocrystal/ring_area.git
    version: 0.2.1

  telegram_bot:
    git: https://github.com/crystal-garage/telegram_bot.git
    version: 0.5.0

