version: 1.0
shards:
  crest:
    github: mamantoha/crest
    version: 0.19.1

  db:
    github: crystal-lang/crystal-db
    version: 0.5.1

  dotenv:
    github: gdotdesign/cr-dotenv
    version: 0.2.0

  haversine:
    github: mamantoha/haversine
    version: 0.1.0

  humanize_time:
    github: mamantoha/humanize_time
    commit: 82204277e5f541222c6d84acb0a4e00f9dbd70eb

  i18n:
    github: mamantoha/i18n.cr
    commit: 55a7f979ce9147518457dc4ac2872557213114f0

  ifrit:
    github: imdrasil/ifrit
    version: 0.1.2

  inflector:
    github: phoffer/inflector.cr
    version: 0.1.8

  jaro_winkler:
    github: kostya/jaro_winkler
    version: 0.1

  jennifer:
    github: imdrasil/jennifer.cr
    version: 0.7.1

  pg:
    github: will/crystal-pg
    version: 0.16.1

  sam:
    github: imdrasil/sam.cr
    version: 0.3.0

  telegram_bot:
    github: hangyas/telegram_bot
    commit: c46f930d19f394c0e26b3ddc77e967916c12bb08

